
Microsoft Visual Studio Solution File, Format Version 12.00
# Visual Studio 2013
VisualStudioVersion = 12.0.31101.0
MinimumVisualStudioVersion = 10.0.40219.1
Project("{FAE04EC0-301F-11D3-BF4B-00C04F79EFBC}") = "VideoHandGesture", "VideoHandGesture\VideoHandGesture.csproj", "{6005EA27-98E1-44B4-88E9-48C25609108D}"
EndProject
Global
	GlobalSection(SolutionConfigurationPlatforms) = preSolution
		Debug|Any CPU = Debug|Any CPU
		Release|Any CPU = Release|Any CPU
	EndGlobalSection
	GlobalSection(ProjectConfigurationPlatforms) = postSolution
		{6005EA27-98E1-44B4-88E9-48C25609108D}.Debug|Any CPU.ActiveCfg = Debug|Any CPU
		{6005EA27-98E1-44B4-88E9-48C25609108D}.Debug|Any CPU.Build.0 = Debug|Any CPU
		{6005EA27-98E1-44B4-88E9-48C25609108D}.Release|Any CPU.ActiveCfg = Release|Any CPU
		{6005EA27-98E1-44B4-88E9-48C25609108D}.Release|Any CPU.Build.0 = Release|Any CPU
	EndGlobalSection
	GlobalSection(SolutionProperties) = preSolution
		HideSolutionNode = FALSE
	EndGlobalSection
EndGlobal
